
Microsoft Visual Studio Solution File, Format Version 12.00
# Visual Studio Version 16
VisualStudioVersion = 16.0.33801.447
MinimumVisualStudioVersion = 10.0.40219.1
Project("{8BC9CEB8-8B4A-11D0-8D11-00A0C91BC942}") = "OOP_HW_17_18", "OOP_HW_17_18\OOP_HW_17_18.vcxproj", "{D686A31C-72F7-4576-A0CE-E6835FEFE0D2}"
EndProject
Global
	GlobalSection(SolutionConfigurationPlatforms) = preSolution
		Debug|x64 = Debug|x64
		Debug|x86 = Debug|x86
		Release|x64 = Release|x64
		Release|x86 = Release|x86
	EndGlobalSection
	GlobalSection(ProjectConfigurationPlatforms) = postSolution
		{D686A31C-72F7-4576-A0CE-E6835FEFE0D2}.Debug|x64.ActiveCfg = Debug|x64
		{D686A31C-72F7-4576-A0CE-E6835FEFE0D2}.Debug|x64.Build.0 = Debug|x64
		{D686A31C-72F7-4576-A0CE-E6835FEFE0D2}.Debug|x86.ActiveCfg = Debug|Win32
		{D686A31C-72F7-4576-A0CE-E6835FEFE0D2}.Debug|x86.Build.0 = Debug|Win32
		{D686A31C-72F7-4576-A0CE-E6835FEFE0D2}.Release|x64.ActiveCfg = Release|x64
		{D686A31C-72F7-4576-A0CE-E6835FEFE0D2}.Release|x64.Build.0 = Release|x64
		{D686A31C-72F7-4576-A0CE-E6835FEFE0D2}.Release|x86.ActiveCfg = Release|Win32
		{D686A31C-72F7-4576-A0CE-E6835FEFE0D2}.Release|x86.Build.0 = Release|Win32
	EndGlobalSection
	GlobalSection(SolutionProperties) = preSolution
		HideSolutionNode = FALSE
	EndGlobalSection
	GlobalSection(ExtensibilityGlobals) = postSolution
		SolutionGuid = {EA3564FE-F646-4590-B6C8-4D08E5827921}
	EndGlobalSection
EndGlobal
